[
"+3V3",
"+3V3_RP",
"+5V",
"/BOOTSEL_CTL",
"/RUN_CTL",
"/S3_EN",
"/S3_IO0",
"/S3_RXD",
"/S3_TXD",
"/USB_DM",
"/USB_DP",
"/cart-bus/A0",
"/cart-bus/A1",
"/cart-bus/A10",
"/cart-bus/A11",
"/cart-bus/A12",
"/cart-bus/A13",
"/cart-bus/A14",
"/cart-bus/A15",
"/cart-bus/A15_N",
"/cart-bus/A2",
"/cart-bus/A3",
"/cart-bus/A4",
"/cart-bus/A5",
"/cart-bus/A6",
"/cart-bus/A7",
"/cart-bus/A8",
"/cart-bus/A9",
"/cart-bus/BUSREQ_N",
"/cart-bus/CE",
"/cart-bus/CEP_N",
"/cart-bus/CE_N",
"/cart-bus/CLK",
"/cart-bus/CONT_N",
"/cart-bus/D0",
"/cart-bus/D1",
"/cart-bus/D2",
"/cart-bus/D3",
"/cart-bus/D4",
"/cart-bus/D5",
"/cart-bus/D6",
"/cart-bus/D7",
"/cart-bus/DBG_RX",
"/cart-bus/DBG_TX",
"/cart-bus/GAME",
"/cart-bus/IORQ_N",
"/cart-bus/LOAD",
"/cart-bus/LOADWIN_N",
"/cart-bus/M1_N",
"/cart-bus/MBA",
"/cart-bus/MBA_N",
"/cart-bus/MBOX",
"/cart-bus/MREQ_N",
"/cart-bus/OE_ADDR",
"/cart-bus/PWR_OK",
"/cart-bus/PWR_OK_N",
"/cart-bus/RAMWIN_N",
"/cart-bus/RAM_WE",
"/cart-bus/RD_CEP",
"/cart-bus/RD_N",
"/cart-bus/RESET_N",
"/cart-bus/RP_D0",
"/cart-bus/RP_D1",
"/cart-bus/RP_D2",
"/cart-bus/RP_D3",
"/cart-bus/RP_D4",
"/cart-bus/RP_D5",
"/cart-bus/RP_D6",
"/cart-bus/RP_D7",
"/cart-bus/RP_LED",
"/cart-bus/RP_LED_A",
"/cart-bus/SA13",
"/cart-bus/SA14",
"/cart-bus/SA15",
"/cart-bus/SA16",
"/cart-bus/SA17",
"/cart-bus/SA18",
"/cart-bus/SA19",
"/cart-bus/SA19_N",
"/cart-bus/SLOT2_NM",
"/cart-bus/SLOT2_NM_N",
"/cart-bus/SRAM_OE_N",
"/cart-bus/SRAM_WE_N",
"/cart-bus/VSENSE",
"/cart-bus/WAIT_GATE",
"/cart-bus/WAIT_N",
"/cart-bus/WE_LOAD",
"/cart-bus/WE_RAM",
"/cart-bus/WIN8",
"/cart-bus/WR_N",
"/fujinet/LED_STRIP",
"/fujinet/SD_CD",
"/fujinet/SD_CS",
"/fujinet/SD_DAT1",
"/fujinet/SD_DAT2",
"/fujinet/SD_MISO",
"/fujinet/SD_MOSI",
"/fujinet/SD_SCK",
"/fujinet/WS_DIN",
"/power/BUCK_BST",
"/power/BUCK_SW",
"/rp-core/BOOTSEL_BTN",
"/rp-core/QSPI_SS",
"/rp-core/RP_LX",
"/rp-core/RP_USB_DM",
"/rp-core/RP_USB_DP",
"/rp-core/RST_BTN",
"/rp-core/RUN",
"/rp-core/SWCLK",
"/rp-core/SWDIO",
"/rp-core/VREG_AVDD",
"/rp-core/XIN",
"/rp-core/XOUT",
"/rp-core/XOUT_Y",
"/usb/CC1",
"/usb/CC2",
"/usb/CP_RST",
"/usb/UART_DTR",
"/usb/UART_RTS",
"/usb/UBRG_DM",
"/usb/UBRG_DP",
"/usb/VBUS_SNS",
"CONS_5V",
"DVDD",
"GND",
"VBUS",
"unconnected-(D6-DOUT-Pad1)",
"unconnected-(J1-KILLGA-Pad43)",
"unconnected-(J1-~{BUSACK}-Pad45)",
"unconnected-(J1-~{HALT}-Pad40)",
"unconnected-(J1-~{INT}-Pad42)",
"unconnected-(J1-~{KBSEL}-Pad48)",
"unconnected-(J1-~{M0-7}-Pad11)",
"unconnected-(J1-~{M8-B}-Pad5)",
"unconnected-(J1-~{MC-F}-Pad49)",
"unconnected-(J1-~{NMI}-Pad50)",
"unconnected-(J1-~{RFSH}-Pad39)",
"unconnected-(J2-SBU1-PadA8)",
"unconnected-(J2-SBU2-PadB8)",
"unconnected-(U1-IO1-Pad39)",
"unconnected-(U1-IO10-Pad18)",
"unconnected-(U1-IO11-Pad19)",
"unconnected-(U1-IO12-Pad20)",
"unconnected-(U1-IO13-Pad21)",
"unconnected-(U1-IO14-Pad22)",
"unconnected-(U1-IO15-Pad8)",
"unconnected-(U1-IO16-Pad9)",
"unconnected-(U1-IO17-Pad10)",
"unconnected-(U1-IO18-Pad11)",
"unconnected-(U1-IO2-Pad38)",
"unconnected-(U1-IO21-Pad23)",
"unconnected-(U1-IO3-Pad15)",
"unconnected-(U1-IO35-Pad28)",
"unconnected-(U1-IO36-Pad29)",
"unconnected-(U1-IO37-Pad30)",
"unconnected-(U1-IO45-Pad26)",
"unconnected-(U1-IO46-Pad16)",
"unconnected-(U1-IO47-Pad24)",
"unconnected-(U1-IO6-Pad6)",
"unconnected-(U1-IO7-Pad7)",
"unconnected-(U1-IO8-Pad12)",
"unconnected-(U1-IO9-Pad17)",
"unconnected-(U2-CHR0-Pad15)",
"unconnected-(U2-CHR1-Pad14)",
"unconnected-(U2-CHREN-Pad13)",
"unconnected-(U2-GPIO.4-Pad22)",
"unconnected-(U2-GPIO.5-Pad21)",
"unconnected-(U2-GPIO.6-Pad20)",
"unconnected-(U2-NC-Pad10)",
"unconnected-(U2-RS485{slash}GPIO.2-Pad17)",
"unconnected-(U2-SUSPEND-Pad12)",
"unconnected-(U2-~{DCD}-Pad1)",
"unconnected-(U2-~{DSR}-Pad27)",
"unconnected-(U2-~{RI}{slash}CLK-Pad2)",
"unconnected-(U2-~{RXT}{slash}GPIO.1-Pad18)",
"unconnected-(U2-~{SUSPEND}-Pad11)",
"unconnected-(U2-~{TXT}{slash}GPIO.0-Pad19)",
"unconnected-(U2-~{WAKEUP}{slash}GPIO.3-Pad16)",
"unconnected-(U4B-QSPI_SCLK-Pad71)",
"unconnected-(U4B-QSPI_SD0-Pad72)",
"unconnected-(U4B-QSPI_SD1-Pad74)",
"unconnected-(U4B-QSPI_SD2-Pad73)",
"unconnected-(U4B-QSPI_SD3-Pad70)",
"unconnected-(U6-NC-Pad4)",
"unconnected-(D6-DOUT-Pad1)",
"unconnected-(J1-KILLGA-Pad43)",
"unconnected-(J1-~{BUSACK}-Pad45)",
"unconnected-(J1-~{HALT}-Pad40)",
"unconnected-(J1-~{INT}-Pad42)",
"unconnected-(J1-~{KBSEL}-Pad48)",
"unconnected-(J1-~{M0-7}-Pad11)",
"unconnected-(J1-~{M8-B}-Pad5)",
"unconnected-(J1-~{MC-F}-Pad49)",
"unconnected-(J1-~{NMI}-Pad50)",
"unconnected-(J1-~{RFSH}-Pad39)",
"unconnected-(J2-SBU1-PadA8)",
"unconnected-(J2-SBU2-PadB8)",
"unconnected-(U1-IO1-Pad39)",
"unconnected-(U1-IO10-Pad18)",
"unconnected-(U1-IO11-Pad19)",
"unconnected-(U1-IO12-Pad20)",
"unconnected-(U1-IO13-Pad21)",
"unconnected-(U1-IO14-Pad22)",
"unconnected-(U1-IO15-Pad8)",
"unconnected-(U1-IO16-Pad9)",
"unconnected-(U1-IO17-Pad10)",
"unconnected-(U1-IO18-Pad11)",
"unconnected-(U1-IO2-Pad38)",
"unconnected-(U1-IO21-Pad23)",
"unconnected-(U1-IO3-Pad15)",
"unconnected-(U1-IO35-Pad28)",
"unconnected-(U1-IO36-Pad29)",
"unconnected-(U1-IO37-Pad30)",
"unconnected-(U1-IO45-Pad26)",
"unconnected-(U1-IO46-Pad16)",
"unconnected-(U1-IO47-Pad24)",
"unconnected-(U1-IO6-Pad6)",
"unconnected-(U1-IO7-Pad7)",
"unconnected-(U1-IO8-Pad12)",
"unconnected-(U1-IO9-Pad17)",
"unconnected-(U2-CHR0-Pad15)",
"unconnected-(U2-CHR1-Pad14)",
"unconnected-(U2-CHREN-Pad13)",
"unconnected-(U2-GPIO.4-Pad22)",
"unconnected-(U2-GPIO.5-Pad21)",
"unconnected-(U2-GPIO.6-Pad20)",
"unconnected-(U2-NC-Pad10)",
"unconnected-(U2-RS485{slash}GPIO.2-Pad17)",
"unconnected-(U2-SUSPEND-Pad12)",
"unconnected-(U2-~{DCD}-Pad1)",
"unconnected-(U2-~{DSR}-Pad27)",
"unconnected-(U2-~{RI}{slash}CLK-Pad2)",
"unconnected-(U2-~{RXT}{slash}GPIO.1-Pad18)",
"unconnected-(U2-~{SUSPEND}-Pad11)",
"unconnected-(U2-~{TXT}{slash}GPIO.0-Pad19)",
"unconnected-(U2-~{WAKEUP}{slash}GPIO.3-Pad16)",
"unconnected-(U4B-QSPI_SCLK-Pad71)",
"unconnected-(U4B-QSPI_SD0-Pad72)",
"unconnected-(U4B-QSPI_SD1-Pad74)",
"unconnected-(U4B-QSPI_SD2-Pad73)",
"unconnected-(U4B-QSPI_SD3-Pad70)",
"unconnected-(U6-NC-Pad4)"
]
