{
 "C_5VBULK": "C6",
 "C_ADC": "C10",
 "C_AVDD": "C8",
 "C_BIN1": "C16",
 "C_BIN2": "C17",
 "C_BINHF": "C26",
 "C_BOUT1": "C25",
 "C_BOUT2": "C24",
 "C_BST": "C15",
 "C_CONS": "C48",
 "C_CONSHF": "C47",
 "C_DV10": "C22",
 "C_DV32": "C20",
 "C_DV51": "C19",
 "C_DVBULK": "C21",
 "C_EN": "C7",
 "C_INV": "C44",
 "C_IOBULK": "C27",
 "C_IOV15": "C38",
 "C_IOV24": "C31",
 "C_IOV29": "C32",
 "C_IOV41": "C12",
 "C_IOV5": "C37",
 "C_IOV50": "C11",
 "C_IOV60": "C9",
 "C_IOV76": "C28",
 "C_LDOIN": "C35",
 "C_LDOOUT": "C36",
 "C_NAND2": "C46",
 "C_NAND3": "C39",
 "C_NORDEC": "C45",
 "C_NORWE": "C40",
 "C_OTP": "C30",
 "C_QSPI": "C29",
 "C_S3": "C2",
 "C_S3BULK": "C1",
 "C_SD": "C3",
 "C_SRAM0": "C42",
 "C_SRAM1": "C34",
 "C_SRAMBULK": "C41",
 "C_UART": "C13",
 "C_UARTBULK": "C14",
 "C_VBUS": "C4",
 "C_VBUSHF": "C5",
 "C_VREGIN": "C18",
 "C_WS": "C43",
 "C_XIN": "C33",
 "C_XOUT": "C23",
 "D_ESDM": "D4",
 "D_ESDP": "D3",
 "D_ESDV": "D2",
 "D_LED": "D7",
 "D_RST": "D5",
 "D_VBUS": "D1",
 "D_WS": "D6",
 "J_DBG": "J4",
 "J_EDGE": "J1",
 "J_SD": "J3",
 "J_USB": "J2",
 "L_BUCK": "L2",
 "L_RP": "L1",
 "Q_CONS": "Q2",
 "Q_WAIT": "Q1",
 "RN_D0": "RN2",
 "RN_D4": "RN3",
 "RN_SD": "RN1",
 "R_AVDD": "R6",
 "R_BSEL": "R14",
 "R_BSELCTL": "R15",
 "R_CC1": "R1",
 "R_CC2": "R2",
 "R_CPRST": "R9",
 "R_EN": "R5",
 "R_LED": "R24",
 "R_PDGAME": "R20",
 "R_PDLOAD": "R22",
 "R_PDMBOX": "R19",
 "R_PDRAMWE": "R21",
 "R_PDSA19": "R18",
 "R_RUN": "R7",
 "R_RUNCTL": "R8",
 "R_SDCD": "R4",
 "R_SS": "R16",
 "R_USBM": "R10",
 "R_USBP": "R17",
 "R_VBPD": "R3",
 "R_VBSH": "R12",
 "R_VBSL": "R13",
 "R_VSH": "R26",
 "R_VSL": "R27",
 "R_WAIT": "R25",
 "R_WS": "R23",
 "R_XOUT": "R11",
 "SW_BOOTSEL": "SW4",
 "SW_RESET": "SW2",
 "SW_S3BOOT": "SW3",
 "SW_S3EN": "SW1",
 "TP_3V3": "TP2",
 "TP_3V3RP": "TP7",
 "TP_5V": "TP11",
 "TP_BUSREQ": "TP15",
 "TP_CE": "TP8",
 "TP_CONS5V": "TP14",
 "TP_CONT": "TP16",
 "TP_DVDD": "TP1",
 "TP_GND": "TP5",
 "TP_GNDBUS": "TP13",
 "TP_OE": "TP9",
 "TP_PWROK": "TP12",
 "TP_RUN": "TP6",
 "TP_SWCLK": "TP3",
 "TP_SWDIO": "TP4",
 "TP_WE": "TP10",
 "U_AUTOPROG": "U3",
 "U_BUCK": "U5",
 "U_INV": "U12",
 "U_LDO": "U6",
 "U_NAND2": "U11",
 "U_NAND3": "U8",
 "U_NORDEC": "U13",
 "U_NORWE": "U9",
 "U_RP": "U4",
 "U_S3": "U1",
 "U_SRAM0": "U10",
 "U_SRAM1": "U7",
 "U_UART": "U2",
 "Y_RP": "Y1"
}
