[
"+3V3",
"+3V3_RP",
"+5V",
"/BOOTSEL_CTL",
"/RUN_CTL",
"/S3_EN",
"/S3_IO0",
"/S3_RXD",
"/S3_TXD",
"/USB_DM",
"/USB_DP",
"/cart-bus/CA0",
"/cart-bus/CA1",
"/cart-bus/CA10",
"/cart-bus/CA11",
"/cart-bus/CA12",
"/cart-bus/CA2",
"/cart-bus/CA3",
"/cart-bus/CA4",
"/cart-bus/CA5",
"/cart-bus/CA6",
"/cart-bus/CA7",
"/cart-bus/CA8",
"/cart-bus/CA9",
"/cart-bus/CCS_N",
"/cart-bus/CD0",
"/cart-bus/CD1",
"/cart-bus/CD2",
"/cart-bus/CD3",
"/cart-bus/CD4",
"/cart-bus/CD5",
"/cart-bus/CD6",
"/cart-bus/CD7",
"/cart-bus/RP_DBG_TX",
"/cart-bus/RP_LED",
"/cart-bus/RP_LED_A",
"/cart-bus/SELFTEST",
"/cart-bus/VSENSE",
"/fujinet/LED_STRIP",
"/fujinet/SD_CD",
"/fujinet/SD_CS",
"/fujinet/SD_DAT1",
"/fujinet/SD_DAT2",
"/fujinet/SD_MISO",
"/fujinet/SD_MOSI",
"/fujinet/SD_SCK",
"/fujinet/WS_DIN",
"/power/BUCK_BST",
"/power/BUCK_SW",
"/rp-core/BOOTSEL_BTN",
"/rp-core/QSPI_SS",
"/rp-core/RP_LX",
"/rp-core/RP_USB_DM",
"/rp-core/RP_USB_DP",
"/rp-core/RST_BTN",
"/rp-core/RUN",
"/rp-core/SWCLK",
"/rp-core/SWDIO",
"/rp-core/VREG_AVDD",
"/rp-core/XIN",
"/rp-core/XOUT",
"/rp-core/XOUT_Y",
"/usb/CC1",
"/usb/CC2",
"/usb/CP_RST",
"/usb/UART_DTR",
"/usb/UART_RTS",
"/usb/UBRG_DM",
"/usb/UBRG_DP",
"/usb/VBUS_SNS",
"CONS_5V",
"DVDD",
"GND",
"VBUS",
"unconnected-(D3-DOUT-Pad1)",
"unconnected-(J3-SBU1-PadA8)",
"unconnected-(J3-SBU2-PadB8)",
"unconnected-(U1A-GPIO23-Pad35)",
"unconnected-(U1A-GPIO24-Pad36)",
"unconnected-(U1A-GPIO28{slash}ADC2-Pad42)",
"unconnected-(U1A-GPIO29{slash}ADC3-Pad43)",
"unconnected-(U1B-QSPI_SCLK-Pad56)",
"unconnected-(U1B-QSPI_SD0-Pad57)",
"unconnected-(U1B-QSPI_SD1-Pad59)",
"unconnected-(U1B-QSPI_SD2-Pad58)",
"unconnected-(U1B-QSPI_SD3-Pad55)",
"unconnected-(U2-IO1-Pad39)",
"unconnected-(U2-IO10-Pad18)",
"unconnected-(U2-IO11-Pad19)",
"unconnected-(U2-IO12-Pad20)",
"unconnected-(U2-IO13-Pad21)",
"unconnected-(U2-IO14-Pad22)",
"unconnected-(U2-IO15-Pad8)",
"unconnected-(U2-IO16-Pad9)",
"unconnected-(U2-IO17-Pad10)",
"unconnected-(U2-IO18-Pad11)",
"unconnected-(U2-IO2-Pad38)",
"unconnected-(U2-IO21-Pad23)",
"unconnected-(U2-IO3-Pad15)",
"unconnected-(U2-IO35-Pad28)",
"unconnected-(U2-IO36-Pad29)",
"unconnected-(U2-IO37-Pad30)",
"unconnected-(U2-IO45-Pad26)",
"unconnected-(U2-IO46-Pad16)",
"unconnected-(U2-IO47-Pad24)",
"unconnected-(U2-IO6-Pad6)",
"unconnected-(U2-IO7-Pad7)",
"unconnected-(U2-IO8-Pad12)",
"unconnected-(U2-IO9-Pad17)",
"unconnected-(U3-CHR0-Pad15)",
"unconnected-(U3-CHR1-Pad14)",
"unconnected-(U3-CHREN-Pad13)",
"unconnected-(U3-GPIO.4-Pad22)",
"unconnected-(U3-GPIO.5-Pad21)",
"unconnected-(U3-GPIO.6-Pad20)",
"unconnected-(U3-NC-Pad10)",
"unconnected-(U3-RS485{slash}GPIO.2-Pad17)",
"unconnected-(U3-SUSPEND-Pad12)",
"unconnected-(U3-~{DCD}-Pad1)",
"unconnected-(U3-~{DSR}-Pad27)",
"unconnected-(U3-~{RI}{slash}CLK-Pad2)",
"unconnected-(U3-~{RXT}{slash}GPIO.1-Pad18)",
"unconnected-(U3-~{SUSPEND}-Pad11)",
"unconnected-(U3-~{TXT}{slash}GPIO.0-Pad19)",
"unconnected-(U3-~{WAKEUP}{slash}GPIO.3-Pad16)",
"unconnected-(U6-NC-Pad4)",
"unconnected-(D3-DOUT-Pad1)",
"unconnected-(J3-SBU1-PadA8)",
"unconnected-(J3-SBU2-PadB8)",
"unconnected-(U1A-GPIO23-Pad35)",
"unconnected-(U1A-GPIO24-Pad36)",
"unconnected-(U1A-GPIO28{slash}ADC2-Pad42)",
"unconnected-(U1A-GPIO29{slash}ADC3-Pad43)",
"unconnected-(U1B-QSPI_SCLK-Pad56)",
"unconnected-(U1B-QSPI_SD0-Pad57)",
"unconnected-(U1B-QSPI_SD1-Pad59)",
"unconnected-(U1B-QSPI_SD2-Pad58)",
"unconnected-(U1B-QSPI_SD3-Pad55)",
"unconnected-(U2-IO1-Pad39)",
"unconnected-(U2-IO10-Pad18)",
"unconnected-(U2-IO11-Pad19)",
"unconnected-(U2-IO12-Pad20)",
"unconnected-(U2-IO13-Pad21)",
"unconnected-(U2-IO14-Pad22)",
"unconnected-(U2-IO15-Pad8)",
"unconnected-(U2-IO16-Pad9)",
"unconnected-(U2-IO17-Pad10)",
"unconnected-(U2-IO18-Pad11)",
"unconnected-(U2-IO2-Pad38)",
"unconnected-(U2-IO21-Pad23)",
"unconnected-(U2-IO3-Pad15)",
"unconnected-(U2-IO35-Pad28)",
"unconnected-(U2-IO36-Pad29)",
"unconnected-(U2-IO37-Pad30)",
"unconnected-(U2-IO45-Pad26)",
"unconnected-(U2-IO46-Pad16)",
"unconnected-(U2-IO47-Pad24)",
"unconnected-(U2-IO6-Pad6)",
"unconnected-(U2-IO7-Pad7)",
"unconnected-(U2-IO8-Pad12)",
"unconnected-(U2-IO9-Pad17)",
"unconnected-(U3-CHR0-Pad15)",
"unconnected-(U3-CHR1-Pad14)",
"unconnected-(U3-CHREN-Pad13)",
"unconnected-(U3-GPIO.4-Pad22)",
"unconnected-(U3-GPIO.5-Pad21)",
"unconnected-(U3-GPIO.6-Pad20)",
"unconnected-(U3-NC-Pad10)",
"unconnected-(U3-RS485{slash}GPIO.2-Pad17)",
"unconnected-(U3-SUSPEND-Pad12)",
"unconnected-(U3-~{DCD}-Pad1)",
"unconnected-(U3-~{DSR}-Pad27)",
"unconnected-(U3-~{RI}{slash}CLK-Pad2)",
"unconnected-(U3-~{RXT}{slash}GPIO.1-Pad18)",
"unconnected-(U3-~{SUSPEND}-Pad11)",
"unconnected-(U3-~{TXT}{slash}GPIO.0-Pad19)",
"unconnected-(U3-~{WAKEUP}{slash}GPIO.3-Pad16)",
"unconnected-(U6-NC-Pad4)"
]
