{
 "U_RP": "U1", "J_EDGE": "J1",
 "C_IOV1": "C1", "C_IOV11": "C2", "C_IOV20": "C3", "C_IOV30": "C4", "C_IOV38": "C5", "C_IOV45": "C6",
 "C_QSPI": "C7", "C_OTP": "C8", "C_ADC": "C9", "C_VREGIN": "C10", "C_IOBULK": "C11",
 "C_DV6": "C12", "C_DV23": "C13", "C_DV39": "C14", "C_DVBULK": "C15",
 "R_AVDD": "R1", "C_AVDD": "C16", "L_RP": "L1",
 "Y_RP": "Y1", "C_XIN": "C17", "C_XOUT": "C18", "R_XOUT": "R2",
 "R_RUN": "R3", "R_SS": "R4", "R_BSEL": "R5", "SW_BOOTSEL": "SW1", "R_RUNCTL": "R6", "R_BSELCTL": "R7",
 "R_CCS": "R8", "R_VSH": "R9", "R_VSL": "R10", "R_USBP": "R11", "R_USBM": "R12",
 "R_LED": "R13", "D_LED": "D1",
 "TP_SWCLK": "TP1", "TP_SWDIO": "TP2", "TP_GND": "TP3", "TP_SELFTEST": "TP4", "TP_DBGTX": "TP5",
 "TP_RUN": "TP6", "TP_BOOTSEL": "TP7",
 "U_S3": "U2", "C_S3BULK": "C19", "C_S3": "C20", "R_EN": "R14", "C_EN": "C21",
 "SW_S3EN": "SW2", "SW_S3BOOT": "SW3", "SW_RESET": "SW4", "D_RST": "D2",
 "J_SD": "J2", "RN_SD": "RN1", "R_SDCD": "R15", "C_SD": "C22", "R_WS": "R16", "D_WS": "D3", "C_WS": "C23",
 "J_USB": "J3", "R_CC1": "R17", "R_CC2": "R18", "D_ESDP": "D4", "D_ESDM": "D5", "D_ESDV": "D6",
 "C_VBUS": "C24", "C_VBUSHF": "C25", "U_UART": "U3", "C_UART": "C26", "C_UARTBULK": "C27",
 "R_VBSH": "R19", "R_VBSL": "R20", "R_CPRST": "R21", "U_AUTOPROG": "U4",
 "D_CONS": "D7", "D_VBUS": "D8", "C_CONSHF": "C28", "C_BIN1": "C29", "C_BIN2": "C30", "C_5VBULK": "C31",
 "C_BINHF": "C32", "U_BUCK": "U5", "C_BST": "C33", "L_BUCK": "L2", "C_BOUT1": "C34", "C_BOUT2": "C35",
 "U_LDO": "U6", "C_LDOIN": "C36", "C_LDOOUT": "C37", "TP_5V": "TP8", "TP_3V3": "TP9", "TP_3V3RP": "TP10"
}
